{
  "version": 4,
  "terraform_version": "1.7.5",
  "serial": 1,
  "lineage": "fbdb451a-8006-8dfe-ea6c-11a5e02a42a4",
  "outputs": {},
  "resources": [
    {
      "mode": "managed",
      "type": "github_repository",
      "name": "my-test-repo-by-terraform",
      "provider": "provider[\"registry.terraform.io/integrations/github\"]",
      "instances": [
        {
          "schema_version": 1,
          "attributes": {
            "allow_auto_merge": false,
            "allow_merge_commit": true,
            "allow_rebase_merge": true,
            "allow_squash_merge": true,
            "allow_update_branch": false,
            "archive_on_destroy": null,
            "archived": false,
            "auto_init": null,
            "default_branch": "main",
            "delete_branch_on_merge": false,
            "description": "My first github repo by terraform",
            "etag": "W/\"02f15def0cf5ff0dce63a002cc533397614b8a38528fe46c474e3094f578a637\"",
            "full_name": "piyushbiswas/mt-first-terrafom-repo",
            "git_clone_url": "git://github.com/piyushbiswas/mt-first-terrafom-repo.git",
            "gitignore_template": null,
            "has_discussions": false,
            "has_downloads": false,
            "has_issues": false,
            "has_projects": false,
            "has_wiki": false,
            "homepage_url": "",
            "html_url": "https://github.com/piyushbiswas/mt-first-terrafom-repo",
            "http_clone_url": "https://github.com/piyushbiswas/mt-first-terrafom-repo.git",
            "id": "mt-first-terrafom-repo",
            "ignore_vulnerability_alerts_during_read": null,
            "is_template": false,
            "license_template": null,
            "merge_commit_message": "PR_TITLE",
            "merge_commit_title": "MERGE_MESSAGE",
            "name": "mt-first-terrafom-repo",
            "node_id": "R_kgDOLtdKCQ",
            "pages": [],
            "primary_language": "",
            "private": false,
            "repo_id": 785861129,
            "security_and_analysis": [
              {
                "advanced_security": [],
                "secret_scanning": [
                  {
                    "status": "enabled"
                  }
                ],
                "secret_scanning_push_protection": [
                  {
                    "status": "enabled"
                  }
                ]
              }
            ],
            "squash_merge_commit_message": "COMMIT_MESSAGES",
            "squash_merge_commit_title": "COMMIT_OR_PR_TITLE",
            "ssh_clone_url": "git@github.com:piyushbiswas/mt-first-terrafom-repo.git",
            "svn_url": "https://github.com/piyushbiswas/mt-first-terrafom-repo",
            "template": [],
            "topics": [],
            "visibility": "public",
            "vulnerability_alerts": false,
            "web_commit_signoff_required": false
          },
          "sensitive_attributes": [],
          "private": "eyJzY2hlbWFfdmVyc2lvbiI6IjEifQ=="
        }
      ]
    }
  ],
  "check_results": null
}
