{
  "version": 4,
  "terraform_version": "1.8.2",
  "serial": 67,
  "lineage": "18d5bd48-7680-5ca3-fb4f-8a2b9748da47",
  "outputs": {
    "private_key": {
      "value": "-----BEGIN RSA PRIVATE KEY-----\nMIIEogIBAAKCAQEAoltQwMdsm/WVsbIQ2j8L2uL0C21kfnC/I1r6NCG6DvCDqA6A\nrETgCTv6poKCJGC3hh8B++assPaOobKA2v0EH1qxGyMkl8Q3pZIz8bezm0XuHI1R\n6fY3gYkkJcQwDiqQwrXkD0wtVkffip5XzD7G57PkfjiwsxVsK+RCtZ24RMfSGOOF\nP5yam7PLmJBb7uJFFJegiVi7YWGAvV81Q2UpUrVY/TAaKVr92Q+3hWpWfjH+kNa2\nMuKzjCETUE0bGHou1kI6+zCp/xB+2KwSFS0wR22oxEkbYT3qsKvoEoLxpMygZgk6\nFoIzbcHU2IVGookczeirdx3I6GkZSA0MRtjT0wIDAQABAoIBAFXtupmtcsBAhI/d\nzKmWALJCuCNsLGn3RlJyDkaVKyJJDYVe159VfLWmdwy1uieCwN9NfgFSn0ex1t+h\n2C0PCKWHnIDeYrmockNBVBi0v2yI4HNgIGCRneMDMIyEf2KgCKnlFuU5zi0CMT/u\nek1xVFjBj0d2vZ6q0euRDfWNmj9cIuAsbBm4H0X1F3H5fI97NrcsNX/i2Y37WmWJ\nhKccvOOtcjPN7smy5ISvb3Mtib8p4ltK7lqdELZmUA1UdbBSpYfhXtG8CMmf+LuF\nFa7Qc1EIWq/VpsLaAAauT9iakqOfh/1tnW8rHf2Ee7wpP1ZKxnZVpwub8O/OpPDw\nsmTCVsECgYEAxanSx4guSUvHbUBNsolLjhCEVhjF0UaBLJ7PnqqFf+66AZJ1Lk5r\nJOO6lkNjXd71XYu+SXW8nVjNAoQdf8xhyTMV7VxASQmjn3hsZjHC36Ci7lZ7Ng5C\nvyPlEhpY/pWI/UUn96zOPM3+ZZMbYcZB+KDKZa6aM/Gs2b7sed24K1ECgYEA0kXy\nSYCMQqdouDd0X2/kwT4QgsCTb2uRZhOyinlGXmMI3Qn8TuO1EU3ejca4qEIJ4luw\nTaQLaydsZzYMTjlrj8Lq1UBjc559/iB7iH4BmXxx7ZqZ9lM5+MCV1xWfrIt90/Nj\nsi1qPQeD1cRKvLqMVda8bS+RaK7DiNtKJNBy++MCgYAuzmMSSsYjJyWnUkXT1D0m\n+/RKav1U7Cwkg8rIWLraK46yVpsXBwzKJH8HnBeIoAZcS34Y6R9r5x5MzTorDBvP\nyCAWH/U9FmI/ngWVQY1S5TgP1jzA9SmLF5Xj7odKaeCRkPHA7ZO8xE7MgMRIJ+lx\nVan34Bu11zHGMjbPONimsQKBgG/6ifX0vD0+0/jOp22vs/3pJHfNQHbkrRDUSo+N\n2Bip2u2DxNbqUuH9Oxj7jBkm2gau12vxgZc17nfkg5cg4xQzNEYOvSe0btpnyAG/\nQPDRIgbr/zP7zHKZdPKO9HK58m9uPViE8P/BQccUesyY9+U6ryviWiiKcV0vkwOZ\n8rILAoGAbMaDfjY0Y5AHoJIk3Srf3I1mHe8cY3ns4YdDp11mNuvIfMS/T+081pv4\n/7U6LOeuOyrhMcN0vMxtV98d0wLfe1nPEZQEdsP+VrYu956W8Pqm+5mKhAGPGjsQ\nV8Ef20qYTyZdmUt4m/khzh3BI2QkUus0wnDxKg984fyrzOK9PlM=\n-----END RSA PRIVATE KEY-----\n",
      "type": "string",
      "sensitive": true
    },
    "public_key": {
      "value": "ssh-rsa AAAAB3NzaC1yc2EAAAADAQABAAABAQCiW1DAx2yb9ZWxshDaPwva4vQLbWR+cL8jWvo0IboO8IOoDoCsROAJO/qmgoIkYLeGHwH75qyw9o6hsoDa/QQfWrEbIySXxDelkjPxt7ObRe4cjVHp9jeBiSQlxDAOKpDCteQPTC1WR9+KnlfMPsbns+R+OLCzFWwr5EK1nbhEx9IY44U/nJqbs8uYkFvu4kUUl6CJWLthYYC9XzVDZSlStVj9MBopWv3ZD7eFalZ+Mf6Q1rYy4rOMIRNQTRsYei7WQjr7MKn/EH7YrBIVLTBHbajESRthPeqwq+gSgvGkzKBmCToWgjNtwdTYhUaiiRzN6Kt3HcjoaRlIDQxG2NPT\n",
      "type": "string"
    },
    "script-print": {
      "value": "bf8523654e67055a6da90acc54d75b09da578e3e",
      "type": "string"
    },
    "sg-output": {
      "value": "sg-0cedba91dc3fc7246",
      "type": "string"
    }
  },
  "resources": [
    {
      "mode": "data",
      "type": "aws_ami",
      "name": "ubuntu",
      "provider": "provider[\"registry.terraform.io/hashicorp/aws\"]",
      "instances": [
        {
          "schema_version": 0,
          "attributes": {
            "architecture": "x86_64",
            "arn": "arn:aws:ec2:us-east-1::image/ami-0cfa2ad4242c3168d",
            "block_device_mappings": [
              {
                "device_name": "/dev/sda1",
                "ebs": {
                  "delete_on_termination": "true",
                  "encrypted": "false",
                  "iops": "0",
                  "snapshot_id": "snap-0559e22f4dac42b32",
                  "throughput": "0",
                  "volume_size": "8",
                  "volume_type": "gp2"
                },
                "no_device": "",
                "virtual_name": ""
              },
              {
                "device_name": "/dev/sdb",
                "ebs": {},
                "no_device": "",
                "virtual_name": "ephemeral0"
              },
              {
                "device_name": "/dev/sdc",
                "ebs": {},
                "no_device": "",
                "virtual_name": "ephemeral1"
              }
            ],
            "boot_mode": "uefi-preferred",
            "creation_date": "2024-05-01T02:43:50.000Z",
            "deprecation_time": "2026-05-01T02:43:50.000Z",
            "description": "Canonical, Ubuntu, 22.04 LTS, amd64 jammy image build on 2024-05-01",
            "ena_support": true,
            "executable_users": null,
            "filter": [
              {
                "name": "name",
                "values": [
                  "ubuntu/images/hvm-ssd/ubuntu-jammy-22.04-amd64-server-*"
                ]
              },
              {
                "name": "virtualization-type",
                "values": [
                  "hvm"
                ]
              }
            ],
            "hypervisor": "xen",
            "id": "ami-0cfa2ad4242c3168d",
            "image_id": "ami-0cfa2ad4242c3168d",
            "image_location": "amazon/ubuntu/images/hvm-ssd/ubuntu-jammy-22.04-amd64-server-20240501",
            "image_owner_alias": "amazon",
            "image_type": "machine",
            "imds_support": "",
            "include_deprecated": false,
            "kernel_id": "",
            "most_recent": true,
            "name": "ubuntu/images/hvm-ssd/ubuntu-jammy-22.04-amd64-server-20240501",
            "name_regex": null,
            "owner_id": "099720109477",
            "owners": [
              "099720109477"
            ],
            "platform": "",
            "platform_details": "Linux/UNIX",
            "product_codes": [],
            "public": true,
            "ramdisk_id": "",
            "root_device_name": "/dev/sda1",
            "root_device_type": "ebs",
            "root_snapshot_id": "snap-0559e22f4dac42b32",
            "sriov_net_support": "simple",
            "state": "available",
            "state_reason": {
              "code": "UNSET",
              "message": "UNSET"
            },
            "tags": {},
            "timeouts": null,
            "tpm_support": "",
            "usage_operation": "RunInstances",
            "virtualization_type": "hvm"
          },
          "sensitive_attributes": []
        }
      ]
    },
    {
      "mode": "managed",
      "type": "aws_instance",
      "name": "server1",
      "provider": "provider[\"registry.terraform.io/hashicorp/aws\"]",
      "instances": [
        {
          "schema_version": 1,
          "attributes": {
            "ami": "ami-0cfa2ad4242c3168d",
            "arn": "arn:aws:ec2:us-east-1:730335629442:instance/i-08b15fed80d90d5b7",
            "associate_public_ip_address": true,
            "availability_zone": "us-east-1e",
            "capacity_reservation_specification": [
              {
                "capacity_reservation_preference": "open",
                "capacity_reservation_target": []
              }
            ],
            "cpu_core_count": 2,
            "cpu_options": [
              {
                "amd_sev_snp": "",
                "core_count": 2,
                "threads_per_core": 1
              }
            ],
            "cpu_threads_per_core": 1,
            "credit_specification": [
              {
                "cpu_credits": "standard"
              }
            ],
            "disable_api_stop": false,
            "disable_api_termination": false,
            "ebs_block_device": [],
            "ebs_optimized": false,
            "enclave_options": [
              {
                "enabled": false
              }
            ],
            "ephemeral_block_device": [],
            "get_password_data": false,
            "hibernation": false,
            "host_id": "",
            "host_resource_group_arn": null,
            "iam_instance_profile": "",
            "id": "i-08b15fed80d90d5b7",
            "instance_initiated_shutdown_behavior": "stop",
            "instance_lifecycle": "",
            "instance_market_options": [],
            "instance_state": "running",
            "instance_type": "t2.medium",
            "ipv6_address_count": 0,
            "ipv6_addresses": [],
            "key_name": "server-key",
            "launch_template": [],
            "maintenance_options": [
              {
                "auto_recovery": "default"
              }
            ],
            "metadata_options": [
              {
                "http_endpoint": "enabled",
                "http_protocol_ipv6": "disabled",
                "http_put_response_hop_limit": 1,
                "http_tokens": "optional",
                "instance_metadata_tags": "disabled"
              }
            ],
            "monitoring": false,
            "network_interface": [],
            "outpost_arn": "",
            "password_data": "",
            "placement_group": "",
            "placement_partition_number": 0,
            "primary_network_interface_id": "eni-0be652e0f1c75d074",
            "private_dns": "ip-172-31-60-201.ec2.internal",
            "private_dns_name_options": [
              {
                "enable_resource_name_dns_a_record": false,
                "enable_resource_name_dns_aaaa_record": false,
                "hostname_type": "ip-name"
              }
            ],
            "private_ip": "172.31.60.201",
            "public_dns": "ec2-54-236-27-203.compute-1.amazonaws.com",
            "public_ip": "54.236.27.203",
            "root_block_device": [
              {
                "delete_on_termination": true,
                "device_name": "/dev/sda1",
                "encrypted": false,
                "iops": 100,
                "kms_key_id": "",
                "tags": {},
                "throughput": 0,
                "volume_id": "vol-00fd7a5d04c6618a9",
                "volume_size": 8,
                "volume_type": "gp2"
              }
            ],
            "secondary_private_ips": [],
            "security_groups": [
              "security_group_all"
            ],
            "source_dest_check": true,
            "spot_instance_request_id": "",
            "subnet_id": "subnet-0e220b0fdd75cbf84",
            "tags": {
              "Name": "server1"
            },
            "tags_all": {
              "Name": "server1"
            },
            "tenancy": "default",
            "timeouts": null,
            "user_data": "bf8523654e67055a6da90acc54d75b09da578e3e",
            "user_data_base64": null,
            "user_data_replace_on_change": false,
            "volume_tags": null,
            "vpc_security_group_ids": [
              "sg-0cedba91dc3fc7246"
            ]
          },
          "sensitive_attributes": [],
          "private": "eyJlMmJmYjczMC1lY2FhLTExZTYtOGY4OC0zNDM2M2JjN2M0YzAiOnsiY3JlYXRlIjo2MDAwMDAwMDAwMDAsImRlbGV0ZSI6MTIwMDAwMDAwMDAwMCwidXBkYXRlIjo2MDAwMDAwMDAwMDB9LCJzY2hlbWFfdmVyc2lvbiI6IjEifQ==",
          "dependencies": [
            "aws_key_pair.deployer",
            "aws_security_group.security_group_all",
            "data.aws_ami.ubuntu",
            "tls_private_key.private_key"
          ]
        }
      ]
    },
    {
      "mode": "managed",
      "type": "aws_key_pair",
      "name": "deployer",
      "provider": "provider[\"registry.terraform.io/hashicorp/aws\"]",
      "instances": [
        {
          "schema_version": 1,
          "attributes": {
            "arn": "arn:aws:ec2:us-east-1:730335629442:key-pair/server-key",
            "fingerprint": "82:80:53:d3:8f:b2:90:18:12:72:ff:ef:68:6a:78:aa",
            "id": "server-key",
            "key_name": "server-key",
            "key_name_prefix": "",
            "key_pair_id": "key-035034e542c70157c",
            "key_type": "rsa",
            "public_key": "ssh-rsa AAAAB3NzaC1yc2EAAAADAQABAAABAQCiW1DAx2yb9ZWxshDaPwva4vQLbWR+cL8jWvo0IboO8IOoDoCsROAJO/qmgoIkYLeGHwH75qyw9o6hsoDa/QQfWrEbIySXxDelkjPxt7ObRe4cjVHp9jeBiSQlxDAOKpDCteQPTC1WR9+KnlfMPsbns+R+OLCzFWwr5EK1nbhEx9IY44U/nJqbs8uYkFvu4kUUl6CJWLthYYC9XzVDZSlStVj9MBopWv3ZD7eFalZ+Mf6Q1rYy4rOMIRNQTRsYei7WQjr7MKn/EH7YrBIVLTBHbajESRthPeqwq+gSgvGkzKBmCToWgjNtwdTYhUaiiRzN6Kt3HcjoaRlIDQxG2NPT",
            "tags": null,
            "tags_all": {}
          },
          "sensitive_attributes": [],
          "private": "eyJzY2hlbWFfdmVyc2lvbiI6IjEifQ==",
          "dependencies": [
            "tls_private_key.private_key"
          ]
        }
      ]
    },
    {
      "mode": "managed",
      "type": "aws_security_group",
      "name": "security_group_all",
      "provider": "provider[\"registry.terraform.io/hashicorp/aws\"]",
      "instances": [
        {
          "schema_version": 1,
          "attributes": {
            "arn": "arn:aws:ec2:us-east-1:730335629442:security-group/sg-0cedba91dc3fc7246",
            "description": "Allow TLS inbound traffic",
            "egress": [
              {
                "cidr_blocks": [
                  "0.0.0.0/0"
                ],
                "description": "",
                "from_port": 0,
                "ipv6_cidr_blocks": [
                  "::/0"
                ],
                "prefix_list_ids": [],
                "protocol": "-1",
                "security_groups": [],
                "self": false,
                "to_port": 0
              }
            ],
            "id": "sg-0cedba91dc3fc7246",
            "ingress": [
              {
                "cidr_blocks": [
                  "0.0.0.0/0"
                ],
                "description": "PORTS OPENING",
                "from_port": 22,
                "ipv6_cidr_blocks": [],
                "prefix_list_ids": [],
                "protocol": "tcp",
                "security_groups": [],
                "self": false,
                "to_port": 22
              },
              {
                "cidr_blocks": [
                  "0.0.0.0/0"
                ],
                "description": "PORTS OPENING",
                "from_port": 27017,
                "ipv6_cidr_blocks": [],
                "prefix_list_ids": [],
                "protocol": "tcp",
                "security_groups": [],
                "self": false,
                "to_port": 27017
              },
              {
                "cidr_blocks": [
                  "0.0.0.0/0"
                ],
                "description": "PORTS OPENING",
                "from_port": 3306,
                "ipv6_cidr_blocks": [],
                "prefix_list_ids": [],
                "protocol": "tcp",
                "security_groups": [],
                "self": false,
                "to_port": 3306
              },
              {
                "cidr_blocks": [
                  "0.0.0.0/0"
                ],
                "description": "PORTS OPENING",
                "from_port": 443,
                "ipv6_cidr_blocks": [],
                "prefix_list_ids": [],
                "protocol": "tcp",
                "security_groups": [],
                "self": false,
                "to_port": 443
              },
              {
                "cidr_blocks": [
                  "0.0.0.0/0"
                ],
                "description": "PORTS OPENING",
                "from_port": 80,
                "ipv6_cidr_blocks": [],
                "prefix_list_ids": [],
                "protocol": "tcp",
                "security_groups": [],
                "self": false,
                "to_port": 80
              }
            ],
            "name": "security_group_all",
            "name_prefix": "",
            "owner_id": "730335629442",
            "revoke_rules_on_delete": false,
            "tags": {
              "Name": "ssecurity-group-all"
            },
            "tags_all": {
              "Name": "ssecurity-group-all"
            },
            "timeouts": null,
            "vpc_id": "vpc-0b799b55747bf6165"
          },
          "sensitive_attributes": [],
          "private": "eyJlMmJmYjczMC1lY2FhLTExZTYtOGY4OC0zNDM2M2JjN2M0YzAiOnsiY3JlYXRlIjo2MDAwMDAwMDAwMDAsImRlbGV0ZSI6OTAwMDAwMDAwMDAwfSwic2NoZW1hX3ZlcnNpb24iOiIxIn0="
        }
      ]
    },
    {
      "mode": "managed",
      "type": "local_sensitive_file",
      "name": "private_key_file",
      "provider": "provider[\"registry.terraform.io/hashicorp/local\"]",
      "instances": [
        {
          "schema_version": 0,
          "attributes": {
            "content": "-----BEGIN RSA PRIVATE KEY-----\nMIIEogIBAAKCAQEAoltQwMdsm/WVsbIQ2j8L2uL0C21kfnC/I1r6NCG6DvCDqA6A\nrETgCTv6poKCJGC3hh8B++assPaOobKA2v0EH1qxGyMkl8Q3pZIz8bezm0XuHI1R\n6fY3gYkkJcQwDiqQwrXkD0wtVkffip5XzD7G57PkfjiwsxVsK+RCtZ24RMfSGOOF\nP5yam7PLmJBb7uJFFJegiVi7YWGAvV81Q2UpUrVY/TAaKVr92Q+3hWpWfjH+kNa2\nMuKzjCETUE0bGHou1kI6+zCp/xB+2KwSFS0wR22oxEkbYT3qsKvoEoLxpMygZgk6\nFoIzbcHU2IVGookczeirdx3I6GkZSA0MRtjT0wIDAQABAoIBAFXtupmtcsBAhI/d\nzKmWALJCuCNsLGn3RlJyDkaVKyJJDYVe159VfLWmdwy1uieCwN9NfgFSn0ex1t+h\n2C0PCKWHnIDeYrmockNBVBi0v2yI4HNgIGCRneMDMIyEf2KgCKnlFuU5zi0CMT/u\nek1xVFjBj0d2vZ6q0euRDfWNmj9cIuAsbBm4H0X1F3H5fI97NrcsNX/i2Y37WmWJ\nhKccvOOtcjPN7smy5ISvb3Mtib8p4ltK7lqdELZmUA1UdbBSpYfhXtG8CMmf+LuF\nFa7Qc1EIWq/VpsLaAAauT9iakqOfh/1tnW8rHf2Ee7wpP1ZKxnZVpwub8O/OpPDw\nsmTCVsECgYEAxanSx4guSUvHbUBNsolLjhCEVhjF0UaBLJ7PnqqFf+66AZJ1Lk5r\nJOO6lkNjXd71XYu+SXW8nVjNAoQdf8xhyTMV7VxASQmjn3hsZjHC36Ci7lZ7Ng5C\nvyPlEhpY/pWI/UUn96zOPM3+ZZMbYcZB+KDKZa6aM/Gs2b7sed24K1ECgYEA0kXy\nSYCMQqdouDd0X2/kwT4QgsCTb2uRZhOyinlGXmMI3Qn8TuO1EU3ejca4qEIJ4luw\nTaQLaydsZzYMTjlrj8Lq1UBjc559/iB7iH4BmXxx7ZqZ9lM5+MCV1xWfrIt90/Nj\nsi1qPQeD1cRKvLqMVda8bS+RaK7DiNtKJNBy++MCgYAuzmMSSsYjJyWnUkXT1D0m\n+/RKav1U7Cwkg8rIWLraK46yVpsXBwzKJH8HnBeIoAZcS34Y6R9r5x5MzTorDBvP\nyCAWH/U9FmI/ngWVQY1S5TgP1jzA9SmLF5Xj7odKaeCRkPHA7ZO8xE7MgMRIJ+lx\nVan34Bu11zHGMjbPONimsQKBgG/6ifX0vD0+0/jOp22vs/3pJHfNQHbkrRDUSo+N\n2Bip2u2DxNbqUuH9Oxj7jBkm2gau12vxgZc17nfkg5cg4xQzNEYOvSe0btpnyAG/\nQPDRIgbr/zP7zHKZdPKO9HK58m9uPViE8P/BQccUesyY9+U6ryviWiiKcV0vkwOZ\n8rILAoGAbMaDfjY0Y5AHoJIk3Srf3I1mHe8cY3ns4YdDp11mNuvIfMS/T+081pv4\n/7U6LOeuOyrhMcN0vMxtV98d0wLfe1nPEZQEdsP+VrYu956W8Pqm+5mKhAGPGjsQ\nV8Ef20qYTyZdmUt4m/khzh3BI2QkUus0wnDxKg984fyrzOK9PlM=\n-----END RSA PRIVATE KEY-----\n",
            "content_base64": null,
            "content_base64sha256": "Hv1XlrUX4rL/KInjJNaFPJGHS36qQAuogoaNrSEC/6E=",
            "content_base64sha512": "jey71fXoNYjtUzX8bmz9Aap4xTYV98j7bfCh/7XGUH3XBx/7HNj3g2BuzamaA+o2asXdx7RGKRnnDXaEJ0cRqw==",
            "content_md5": "6bfc4e818edc980191581178372a7b3a",
            "content_sha1": "a4670a2af1587c8daefc48af7da555eff92ffdac",
            "content_sha256": "1efd5796b517e2b2ff2889e324d6853c91874b7eaa400ba882868dad2102ffa1",
            "content_sha512": "8decbbd5f5e83588ed5335fc6e6cfd01aa78c53615f7c8fb6df0a1ffb5c6507dd7071ffb1cd8f783606ecda99a03ea366ac5ddc7b4462919e70d7684274711ab",
            "directory_permission": "0700",
            "file_permission": "0700",
            "filename": "./id_rsa",
            "id": "a4670a2af1587c8daefc48af7da555eff92ffdac",
            "source": null
          },
          "sensitive_attributes": [
            [
              {
                "type": "get_attr",
                "value": "content_base64"
              }
            ],
            [
              {
                "type": "get_attr",
                "value": "content"
              }
            ]
          ],
          "dependencies": [
            "tls_private_key.private_key"
          ]
        }
      ]
    },
    {
      "mode": "managed",
      "type": "local_sensitive_file",
      "name": "public_key_file",
      "provider": "provider[\"registry.terraform.io/hashicorp/local\"]",
      "instances": [
        {
          "schema_version": 0,
          "attributes": {
            "content": "ssh-rsa AAAAB3NzaC1yc2EAAAADAQABAAABAQCiW1DAx2yb9ZWxshDaPwva4vQLbWR+cL8jWvo0IboO8IOoDoCsROAJO/qmgoIkYLeGHwH75qyw9o6hsoDa/QQfWrEbIySXxDelkjPxt7ObRe4cjVHp9jeBiSQlxDAOKpDCteQPTC1WR9+KnlfMPsbns+R+OLCzFWwr5EK1nbhEx9IY44U/nJqbs8uYkFvu4kUUl6CJWLthYYC9XzVDZSlStVj9MBopWv3ZD7eFalZ+Mf6Q1rYy4rOMIRNQTRsYei7WQjr7MKn/EH7YrBIVLTBHbajESRthPeqwq+gSgvGkzKBmCToWgjNtwdTYhUaiiRzN6Kt3HcjoaRlIDQxG2NPT\n",
            "content_base64": null,
            "content_base64sha256": "cfGqoa1YQipQvc9tmjRrTPj4fm2N5XLZiOOeIQ6stVk=",
            "content_base64sha512": "GF5Bg/6lY83B7Vtq38exvfEtuHWbzI+oju5GbtvVNyNRUtTtRJjA4yuHHzCtqAM2z1yQCd4rgrP7KYkebFsW0w==",
            "content_md5": "496a4d11aec6d23a0e3eae51a89a4929",
            "content_sha1": "cad51523aeb5c7735c2250f9cad72a432a1b8fbd",
            "content_sha256": "71f1aaa1ad58422a50bdcf6d9a346b4cf8f87e6d8de572d988e39e210eacb559",
            "content_sha512": "185e4183fea563cdc1ed5b6adfc7b1bdf12db8759bcc8fa88eee466edbd537235152d4ed4498c0e32b871f30ada80336cf5c9009de2b82b3fb29891e6c5b16d3",
            "directory_permission": "0700",
            "file_permission": "0700",
            "filename": "./id_rsa.pub",
            "id": "cad51523aeb5c7735c2250f9cad72a432a1b8fbd",
            "source": null
          },
          "sensitive_attributes": [
            [
              {
                "type": "get_attr",
                "value": "content_base64"
              }
            ],
            [
              {
                "type": "get_attr",
                "value": "content"
              }
            ]
          ],
          "dependencies": [
            "tls_private_key.private_key"
          ]
        }
      ]
    },
    {
      "mode": "managed",
      "type": "tls_private_key",
      "name": "private_key",
      "provider": "provider[\"registry.terraform.io/hashicorp/tls\"]",
      "instances": [
        {
          "schema_version": 1,
          "attributes": {
            "algorithm": "RSA",
            "ecdsa_curve": "P224",
            "id": "f2074e16f112adaf3d4101c4f3a962abe9bb2d72",
            "private_key_openssh": "-----BEGIN OPENSSH PRIVATE KEY-----\nb3BlbnNzaC1rZXktdjEAAAAABG5vbmUAAAAEbm9uZQAAAAAAAAABAAABFwAAAAdz\nc2gtcnNhAAAAAwEAAQAAAQEAoltQwMdsm/WVsbIQ2j8L2uL0C21kfnC/I1r6NCG6\nDvCDqA6ArETgCTv6poKCJGC3hh8B++assPaOobKA2v0EH1qxGyMkl8Q3pZIz8bez\nm0XuHI1R6fY3gYkkJcQwDiqQwrXkD0wtVkffip5XzD7G57PkfjiwsxVsK+RCtZ24\nRMfSGOOFP5yam7PLmJBb7uJFFJegiVi7YWGAvV81Q2UpUrVY/TAaKVr92Q+3hWpW\nfjH+kNa2MuKzjCETUE0bGHou1kI6+zCp/xB+2KwSFS0wR22oxEkbYT3qsKvoEoLx\npMygZgk6FoIzbcHU2IVGookczeirdx3I6GkZSA0MRtjT0wAAA7i76xblu+sW5QAA\nAAdzc2gtcnNhAAABAQCiW1DAx2yb9ZWxshDaPwva4vQLbWR+cL8jWvo0IboO8IOo\nDoCsROAJO/qmgoIkYLeGHwH75qyw9o6hsoDa/QQfWrEbIySXxDelkjPxt7ObRe4c\njVHp9jeBiSQlxDAOKpDCteQPTC1WR9+KnlfMPsbns+R+OLCzFWwr5EK1nbhEx9IY\n44U/nJqbs8uYkFvu4kUUl6CJWLthYYC9XzVDZSlStVj9MBopWv3ZD7eFalZ+Mf6Q\n1rYy4rOMIRNQTRsYei7WQjr7MKn/EH7YrBIVLTBHbajESRthPeqwq+gSgvGkzKBm\nCToWgjNtwdTYhUaiiRzN6Kt3HcjoaRlIDQxG2NPTAAAAAwEAAQAAAQBV7bqZrXLA\nQISP3cyplgCyQrgjbCxp90ZScg5GlSsiSQ2FXtefVXy1pncMtbongsDfTX4BUp9H\nsdbfodgtDwilh5yA3mK5qHJDQVQYtL9siOBzYCBgkZ3jAzCMhH9ioAip5RblOc4t\nAjE/7npNcVRYwY9Hdr2eqtHrkQ31jZo/XCLgLGwZuB9F9Rdx+XyPeza3LDV/4tmN\n+1pliYSnHLzjrXIzze7JsuSEr29zLYm/KeJbSu5anRC2ZlANVHWwUqWH4V7RvAjJ\nn/i7hRWu0HNRCFqv1abC2gAGrk/YmpKjn4f9bZ1vKx39hHu8KT9WSsZ2VacLm/Dv\nzqTw8LJkwlbBAAAAgGzGg342NGOQB6CSJN0q39yNZh3vHGN57OGHQ6ddZjbryHzE\nv0/tPNab+P+1Oiznrjsq4THDdLzMbVffHdMC33tZzxGUBHbD/la2LveelvD6pvuZ\nioQBjxo7EFfBH9tKmE8mXZlLeJv5Ic4dwSNkJFLrNMJw8SoPfOH8q8zivT5TAAAA\ngQDFqdLHiC5JS8dtQE2yiUuOEIRWGMXRRoEsns+eqoV/7roBknUuTmsk47qWQ2Nd\n3vVdi75JdbydWM0ChB1/zGHJMxXtXEBJCaOfeGxmMcLfoKLuVns2DkK/I+USGlj+\nlYj9RSf3rM48zf5lkxthxkH4oMplrpoz8azZvux53bgrUQAAAIEA0kXySYCMQqdo\nuDd0X2/kwT4QgsCTb2uRZhOyinlGXmMI3Qn8TuO1EU3ejca4qEIJ4luwTaQLayds\nZzYMTjlrj8Lq1UBjc559/iB7iH4BmXxx7ZqZ9lM5+MCV1xWfrIt90/Njsi1qPQeD\n1cRKvLqMVda8bS+RaK7DiNtKJNBy++MAAAAAAQID\n-----END OPENSSH PRIVATE KEY-----\n",
            "private_key_pem": "-----BEGIN RSA PRIVATE KEY-----\nMIIEogIBAAKCAQEAoltQwMdsm/WVsbIQ2j8L2uL0C21kfnC/I1r6NCG6DvCDqA6A\nrETgCTv6poKCJGC3hh8B++assPaOobKA2v0EH1qxGyMkl8Q3pZIz8bezm0XuHI1R\n6fY3gYkkJcQwDiqQwrXkD0wtVkffip5XzD7G57PkfjiwsxVsK+RCtZ24RMfSGOOF\nP5yam7PLmJBb7uJFFJegiVi7YWGAvV81Q2UpUrVY/TAaKVr92Q+3hWpWfjH+kNa2\nMuKzjCETUE0bGHou1kI6+zCp/xB+2KwSFS0wR22oxEkbYT3qsKvoEoLxpMygZgk6\nFoIzbcHU2IVGookczeirdx3I6GkZSA0MRtjT0wIDAQABAoIBAFXtupmtcsBAhI/d\nzKmWALJCuCNsLGn3RlJyDkaVKyJJDYVe159VfLWmdwy1uieCwN9NfgFSn0ex1t+h\n2C0PCKWHnIDeYrmockNBVBi0v2yI4HNgIGCRneMDMIyEf2KgCKnlFuU5zi0CMT/u\nek1xVFjBj0d2vZ6q0euRDfWNmj9cIuAsbBm4H0X1F3H5fI97NrcsNX/i2Y37WmWJ\nhKccvOOtcjPN7smy5ISvb3Mtib8p4ltK7lqdELZmUA1UdbBSpYfhXtG8CMmf+LuF\nFa7Qc1EIWq/VpsLaAAauT9iakqOfh/1tnW8rHf2Ee7wpP1ZKxnZVpwub8O/OpPDw\nsmTCVsECgYEAxanSx4guSUvHbUBNsolLjhCEVhjF0UaBLJ7PnqqFf+66AZJ1Lk5r\nJOO6lkNjXd71XYu+SXW8nVjNAoQdf8xhyTMV7VxASQmjn3hsZjHC36Ci7lZ7Ng5C\nvyPlEhpY/pWI/UUn96zOPM3+ZZMbYcZB+KDKZa6aM/Gs2b7sed24K1ECgYEA0kXy\nSYCMQqdouDd0X2/kwT4QgsCTb2uRZhOyinlGXmMI3Qn8TuO1EU3ejca4qEIJ4luw\nTaQLaydsZzYMTjlrj8Lq1UBjc559/iB7iH4BmXxx7ZqZ9lM5+MCV1xWfrIt90/Nj\nsi1qPQeD1cRKvLqMVda8bS+RaK7DiNtKJNBy++MCgYAuzmMSSsYjJyWnUkXT1D0m\n+/RKav1U7Cwkg8rIWLraK46yVpsXBwzKJH8HnBeIoAZcS34Y6R9r5x5MzTorDBvP\nyCAWH/U9FmI/ngWVQY1S5TgP1jzA9SmLF5Xj7odKaeCRkPHA7ZO8xE7MgMRIJ+lx\nVan34Bu11zHGMjbPONimsQKBgG/6ifX0vD0+0/jOp22vs/3pJHfNQHbkrRDUSo+N\n2Bip2u2DxNbqUuH9Oxj7jBkm2gau12vxgZc17nfkg5cg4xQzNEYOvSe0btpnyAG/\nQPDRIgbr/zP7zHKZdPKO9HK58m9uPViE8P/BQccUesyY9+U6ryviWiiKcV0vkwOZ\n8rILAoGAbMaDfjY0Y5AHoJIk3Srf3I1mHe8cY3ns4YdDp11mNuvIfMS/T+081pv4\n/7U6LOeuOyrhMcN0vMxtV98d0wLfe1nPEZQEdsP+VrYu956W8Pqm+5mKhAGPGjsQ\nV8Ef20qYTyZdmUt4m/khzh3BI2QkUus0wnDxKg984fyrzOK9PlM=\n-----END RSA PRIVATE KEY-----\n",
            "private_key_pem_pkcs8": "-----BEGIN PRIVATE KEY-----\nMIIEvAIBADANBgkqhkiG9w0BAQEFAASCBKYwggSiAgEAAoIBAQCiW1DAx2yb9ZWx\nshDaPwva4vQLbWR+cL8jWvo0IboO8IOoDoCsROAJO/qmgoIkYLeGHwH75qyw9o6h\nsoDa/QQfWrEbIySXxDelkjPxt7ObRe4cjVHp9jeBiSQlxDAOKpDCteQPTC1WR9+K\nnlfMPsbns+R+OLCzFWwr5EK1nbhEx9IY44U/nJqbs8uYkFvu4kUUl6CJWLthYYC9\nXzVDZSlStVj9MBopWv3ZD7eFalZ+Mf6Q1rYy4rOMIRNQTRsYei7WQjr7MKn/EH7Y\nrBIVLTBHbajESRthPeqwq+gSgvGkzKBmCToWgjNtwdTYhUaiiRzN6Kt3HcjoaRlI\nDQxG2NPTAgMBAAECggEAVe26ma1ywECEj93MqZYAskK4I2wsafdGUnIORpUrIkkN\nhV7Xn1V8taZ3DLW6J4LA301+AVKfR7HW36HYLQ8IpYecgN5iuahyQ0FUGLS/bIjg\nc2AgYJGd4wMwjIR/YqAIqeUW5TnOLQIxP+56TXFUWMGPR3a9nqrR65EN9Y2aP1wi\n4CxsGbgfRfUXcfl8j3s2tyw1f+LZjftaZYmEpxy8461yM83uybLkhK9vcy2Jvyni\nW0ruWp0QtmZQDVR1sFKlh+Fe0bwIyZ/4u4UVrtBzUQhar9WmwtoABq5P2JqSo5+H\n/W2dbysd/YR7vCk/VkrGdlWnC5vw786k8PCyZMJWwQKBgQDFqdLHiC5JS8dtQE2y\niUuOEIRWGMXRRoEsns+eqoV/7roBknUuTmsk47qWQ2Nd3vVdi75JdbydWM0ChB1/\nzGHJMxXtXEBJCaOfeGxmMcLfoKLuVns2DkK/I+USGlj+lYj9RSf3rM48zf5lkxth\nxkH4oMplrpoz8azZvux53bgrUQKBgQDSRfJJgIxCp2i4N3Rfb+TBPhCCwJNva5Fm\nE7KKeUZeYwjdCfxO47URTd6NxrioQgniW7BNpAtrJ2xnNgxOOWuPwurVQGNznn3+\nIHuIfgGZfHHtmpn2Uzn4wJXXFZ+si33T82OyLWo9B4PVxEq8uoxV1rxtL5ForsOI\n20ok0HL74wKBgC7OYxJKxiMnJadSRdPUPSb79Epq/VTsLCSDyshYutorjrJWmxcH\nDMokfwecF4igBlxLfhjpH2vnHkzNOisMG8/IIBYf9T0WYj+eBZVBjVLlOA/WPMD1\nKYsXlePuh0pp4JGQ8cDtk7zETsyAxEgn6XFVqffgG7XXMcYyNs842KaxAoGAb/qJ\n9fS8PT7T+M6nba+z/ekkd81AduStENRKj43YGKna7YPE1upS4f07GPuMGSbaBq7X\na/GBlzXud+SDlyDjFDM0Rg69J7Ru2mfIAb9A8NEiBuv/M/vMcpl08o70crnyb249\nWITw/8FBxxR6zJj35TqvK+JaKIpxXS+TA5nysgsCgYBsxoN+NjRjkAegkiTdKt/c\njWYd7xxjeezhh0OnXWY268h8xL9P7TzWm/j/tTos5647KuExw3S8zG1X3x3TAt97\nWc8RlAR2w/5Wti73npbw+qb7mYqEAY8aOxBXwR/bSphPJl2ZS3ib+SHOHcEjZCRS\n6zTCcPEqD3zh/KvM4r0+Uw==\n-----END PRIVATE KEY-----\n",
            "public_key_fingerprint_md5": "60:1e:74:87:78:aa:54:67:2e:1e:12:b9:84:3b:3c:36",
            "public_key_fingerprint_sha256": "SHA256:Esvy3DH0qhDs/OGvUJu0DKfg+AtBVFeou9kW3n/6Uyk",
            "public_key_openssh": "ssh-rsa AAAAB3NzaC1yc2EAAAADAQABAAABAQCiW1DAx2yb9ZWxshDaPwva4vQLbWR+cL8jWvo0IboO8IOoDoCsROAJO/qmgoIkYLeGHwH75qyw9o6hsoDa/QQfWrEbIySXxDelkjPxt7ObRe4cjVHp9jeBiSQlxDAOKpDCteQPTC1WR9+KnlfMPsbns+R+OLCzFWwr5EK1nbhEx9IY44U/nJqbs8uYkFvu4kUUl6CJWLthYYC9XzVDZSlStVj9MBopWv3ZD7eFalZ+Mf6Q1rYy4rOMIRNQTRsYei7WQjr7MKn/EH7YrBIVLTBHbajESRthPeqwq+gSgvGkzKBmCToWgjNtwdTYhUaiiRzN6Kt3HcjoaRlIDQxG2NPT\n",
            "public_key_pem": "-----BEGIN PUBLIC KEY-----\nMIIBIjANBgkqhkiG9w0BAQEFAAOCAQ8AMIIBCgKCAQEAoltQwMdsm/WVsbIQ2j8L\n2uL0C21kfnC/I1r6NCG6DvCDqA6ArETgCTv6poKCJGC3hh8B++assPaOobKA2v0E\nH1qxGyMkl8Q3pZIz8bezm0XuHI1R6fY3gYkkJcQwDiqQwrXkD0wtVkffip5XzD7G\n57PkfjiwsxVsK+RCtZ24RMfSGOOFP5yam7PLmJBb7uJFFJegiVi7YWGAvV81Q2Up\nUrVY/TAaKVr92Q+3hWpWfjH+kNa2MuKzjCETUE0bGHou1kI6+zCp/xB+2KwSFS0w\nR22oxEkbYT3qsKvoEoLxpMygZgk6FoIzbcHU2IVGookczeirdx3I6GkZSA0MRtjT\n0wIDAQAB\n-----END PUBLIC KEY-----\n",
            "rsa_bits": 2048
          },
          "sensitive_attributes": [
            [
              {
                "type": "get_attr",
                "value": "private_key_pem_pkcs8"
              }
            ],
            [
              {
                "type": "get_attr",
                "value": "private_key_openssh"
              }
            ],
            [
              {
                "type": "get_attr",
                "value": "private_key_pem"
              }
            ]
          ]
        }
      ]
    }
  ],
  "check_results": null
}
